<Solution>
  <Project Path="AuctionApi/AuctionApi.csproj" Id="5596da74-8ae1-4fa7-ae0f-dcf3ffd7c028" />
  <Project Path="Business/Business.csproj" Id="3f5cc89c-68d5-4d78-8874-500ced2f04fb" />
  <Project Path="Data/Data.csproj" Id="d839241f-2126-4f26-b80c-555484b60e38" />
  <Project Path="MainApp/MainApp.csproj" Id="59dfe519-307d-484c-a8f1-2be8f0206d75" />
</Solution>
